
Microsoft Visual Studio Solution File, Format Version 12.00
# Visual Studio 15
VisualStudioVersion = 15.0.28010.2036
MinimumVisualStudioVersion = 10.0.40219.1
Project("{FAE04EC0-301F-11D3-BF4B-00C04F79EFBC}") = "EscalonamentoHospitalar", "EscalonamentoHospitalar\EscalonamentoHospitalar.csproj", "{A550B76D-CA2C-41D8-8942-76C16155CEC3}"
EndProject
Global
	GlobalSection(SolutionConfigurationPlatforms) = preSolution
		Debug|Any CPU = Debug|Any CPU
		Release|Any CPU = Release|Any CPU
	EndGlobalSection
	GlobalSection(ProjectConfigurationPlatforms) = postSolution
		{A550B76D-CA2C-41D8-8942-76C16155CEC3}.Debug|Any CPU.ActiveCfg = Debug|Any CPU
		{A550B76D-CA2C-41D8-8942-76C16155CEC3}.Debug|Any CPU.Build.0 = Debug|Any CPU
		{A550B76D-CA2C-41D8-8942-76C16155CEC3}.Release|Any CPU.ActiveCfg = Release|Any CPU
		{A550B76D-CA2C-41D8-8942-76C16155CEC3}.Release|Any CPU.Build.0 = Release|Any CPU
	EndGlobalSection
	GlobalSection(SolutionProperties) = preSolution
		HideSolutionNode = FALSE
	EndGlobalSection
	GlobalSection(ExtensibilityGlobals) = postSolution
		SolutionGuid = {D101A88C-80E4-44B7-8642-70DBB0D95F73}
	EndGlobalSection
EndGlobal
